<<<<<<< Updated upstream
Last acquired by C:\Tools\Flutter\flutter\bin\cache\dart-sdk\bin\dart.exe (pid 35344) running file:///C:/Tools/Flutter/flutter/bin/cache/flutter_tools.snapshot on 2026-03-12 11:24:48.047948.
=======
Last acquired by C:\Tools\Flutter\flutter\bin\cache\dart-sdk\bin\dart.exe (pid 13344) running file:///C:/Tools/Flutter/flutter/bin/cache/flutter_tools.snapshot on 2026-03-10 00:18:34.642296.
>>>>>>> Stashed changes
