<<<<<<< Updated upstream
Last acquired by C:\Tools\Flutter\flutter\bin\cache\dart-sdk\bin\dart.exe (pid 33368) running file:///C:/Tools/Flutter/flutter/bin/cache/flutter_tools.snapshot on 2026-03-12 11:30:17.219301.
=======
Last acquired by C:\Tools\Flutter\flutter\bin\cache\dart-sdk\bin\dart.exe (pid 31032) running file:///C:/Tools/Flutter/flutter/bin/cache/flutter_tools.snapshot on 2026-03-10 00:18:56.933671.
>>>>>>> Stashed changes
